
Microsoft Visual Studio Solution File, Format Version 11.00
# Visual Studio 2010
Project("{FAE04EC0-301F-11D3-BF4B-00C04F79EFBC}") = "Staj1", "Staj1\Staj1.csproj", "{70A35AE7-C41C-46BD-B150-A9D43A313C6B}"
EndProject
Global
	GlobalSection(SolutionConfigurationPlatforms) = preSolution
		Debug|Any CPU = Debug|Any CPU
		Release|Any CPU = Release|Any CPU
	EndGlobalSection
	GlobalSection(ProjectConfigurationPlatforms) = postSolution
		{70A35AE7-C41C-46BD-B150-A9D43A313C6B}.Debug|Any CPU.ActiveCfg = Debug|Any CPU
		{70A35AE7-C41C-46BD-B150-A9D43A313C6B}.Debug|Any CPU.Build.0 = Debug|Any CPU
		{70A35AE7-C41C-46BD-B150-A9D43A313C6B}.Release|Any CPU.ActiveCfg = Release|Any CPU
		{70A35AE7-C41C-46BD-B150-A9D43A313C6B}.Release|Any CPU.Build.0 = Release|Any CPU
	EndGlobalSection
	GlobalSection(SolutionProperties) = preSolution
		HideSolutionNode = FALSE
	EndGlobalSection
EndGlobal
